
Microsoft Visual Studio Solution File, Format Version 12.00
# Visual Studio Version 17
VisualStudioVersion = 17.2.32526.322
MinimumVisualStudioVersion = 10.0.40219.1
Project("{FAE04EC0-301F-11D3-BF4B-00C04F79EFBC}") = "CaseProject.Core", "CaseProject.Core\CaseProject.Core.csproj", "{1E37EF7D-8C05-45F7-A1FE-1605A0BE036A}"
EndProject
Project("{FAE04EC0-301F-11D3-BF4B-00C04F79EFBC}") = "CaseProject.DataAccess", "CaseProject.DataAccess\CaseProject.DataAccess.csproj", "{B6450C3B-C00A-48D0-ADEB-0EA723FED5C8}"
EndProject
Project("{FAE04EC0-301F-11D3-BF4B-00C04F79EFBC}") = "CaseProject.Business", "CaseProject.Business\CaseProject.Business.csproj", "{452CDF04-6FBD-4177-8C24-F56D5CA7956E}"
EndProject
Project("{FAE04EC0-301F-11D3-BF4B-00C04F79EFBC}") = "CaseProject.WFAUI", "CaseProject.WFAUI\CaseProject.WFAUI.csproj", "{1C4F54AC-87B3-4F09-884C-E67578D6D157}"
EndProject
Project("{FAE04EC0-301F-11D3-BF4B-00C04F79EFBC}") = "CaseProject.WebUI", "CaseProject.WebUI\CaseProject.WebUI.csproj", "{F3921DD5-BAED-440B-9728-D7DC6062189F}"
EndProject
Global
	GlobalSection(SolutionConfigurationPlatforms) = preSolution
		Debug|Any CPU = Debug|Any CPU
		Release|Any CPU = Release|Any CPU
	EndGlobalSection
	GlobalSection(ProjectConfigurationPlatforms) = postSolution
		{1E37EF7D-8C05-45F7-A1FE-1605A0BE036A}.Debug|Any CPU.ActiveCfg = Debug|Any CPU
		{1E37EF7D-8C05-45F7-A1FE-1605A0BE036A}.Debug|Any CPU.Build.0 = Debug|Any CPU
		{1E37EF7D-8C05-45F7-A1FE-1605A0BE036A}.Release|Any CPU.ActiveCfg = Release|Any CPU
		{1E37EF7D-8C05-45F7-A1FE-1605A0BE036A}.Release|Any CPU.Build.0 = Release|Any CPU
		{B6450C3B-C00A-48D0-ADEB-0EA723FED5C8}.Debug|Any CPU.ActiveCfg = Debug|Any CPU
		{B6450C3B-C00A-48D0-ADEB-0EA723FED5C8}.Debug|Any CPU.Build.0 = Debug|Any CPU
		{B6450C3B-C00A-48D0-ADEB-0EA723FED5C8}.Release|Any CPU.ActiveCfg = Release|Any CPU
		{B6450C3B-C00A-48D0-ADEB-0EA723FED5C8}.Release|Any CPU.Build.0 = Release|Any CPU
		{452CDF04-6FBD-4177-8C24-F56D5CA7956E}.Debug|Any CPU.ActiveCfg = Debug|Any CPU
		{452CDF04-6FBD-4177-8C24-F56D5CA7956E}.Debug|Any CPU.Build.0 = Debug|Any CPU
		{452CDF04-6FBD-4177-8C24-F56D5CA7956E}.Release|Any CPU.ActiveCfg = Release|Any CPU
		{452CDF04-6FBD-4177-8C24-F56D5CA7956E}.Release|Any CPU.Build.0 = Release|Any CPU
		{1C4F54AC-87B3-4F09-884C-E67578D6D157}.Debug|Any CPU.ActiveCfg = Debug|Any CPU
		{1C4F54AC-87B3-4F09-884C-E67578D6D157}.Debug|Any CPU.Build.0 = Debug|Any CPU
		{1C4F54AC-87B3-4F09-884C-E67578D6D157}.Release|Any CPU.ActiveCfg = Release|Any CPU
		{1C4F54AC-87B3-4F09-884C-E67578D6D157}.Release|Any CPU.Build.0 = Release|Any CPU
		{F3921DD5-BAED-440B-9728-D7DC6062189F}.Debug|Any CPU.ActiveCfg = Debug|Any CPU
		{F3921DD5-BAED-440B-9728-D7DC6062189F}.Debug|Any CPU.Build.0 = Debug|Any CPU
		{F3921DD5-BAED-440B-9728-D7DC6062189F}.Release|Any CPU.ActiveCfg = Release|Any CPU
		{F3921DD5-BAED-440B-9728-D7DC6062189F}.Release|Any CPU.Build.0 = Release|Any CPU
	EndGlobalSection
	GlobalSection(SolutionProperties) = preSolution
		HideSolutionNode = FALSE
	EndGlobalSection
	GlobalSection(ExtensibilityGlobals) = postSolution
		SolutionGuid = {31703B7A-781B-4364-BA8B-5E96D6FC66F1}
	EndGlobalSection
EndGlobal
